{
  "name": "Challenge",
  "lockfileVersion": 3,
  "requires": true,
  "packages": {
    "": {
      "dependencies": {
        "pnpm": "^9.0.4"
      }
    },
    "node_modules/pnpm": {
      "version": "9.0.4",
      "resolved": "https://registry.npmjs.org/pnpm/-/pnpm-9.0.4.tgz",
      "integrity": "sha512-w3S1LePeiMWP2DM99mSnNyec2w4TRLpAVNOx//qaGjZwhU91XcpPFq3qPxS+mJan/K8WdAn+DBrWBHUnHa/oGg==",
      "bin": {
        "pnpm": "bin/pnpm.cjs",
        "pnpx": "bin/pnpx.cjs"
      },
      "engines": {
        "node": ">=18.12"
      },
      "funding": {
        "url": "https://opencollective.com/pnpm"
      }
    }
  }
}
